
Microsoft Visual Studio Solution File, Format Version 12.00
# Visual Studio Version 17
VisualStudioVersion = 17.14.37012.4
MinimumVisualStudioVersion = 10.0.40219.1
Project("{2150E333-8FDC-42A3-9474-1A3956D46DE8}") = "Dependencies", "Dependencies", "{02EA681E-C7D8-13C7-8484-4AC65E1B71E8}"
EndProject
Project("{2150E333-8FDC-42A3-9474-1A3956D46DE8}") = "Engine", "Engine", "{E01E3D3E-1D2A-429B-8FE2-5DD33E5C7E20}"
EndProject
Project("{8BC9CEB8-8B4A-11D0-8D11-00A0C91BC942}") = "GameEngine", "Engine\GameEngine.vcxproj", "{99EE27A3-13E9-4BB0-AFF7-F568C219B22F}"
EndProject
Project("{2150E333-8FDC-42A3-9474-1A3956D46DE8}") = "Playground", "Playground", "{5CE652E2-A016-4AA2-B365-16789A042937}"
EndProject
Project("{8BC9CEB8-8B4A-11D0-8D11-00A0C91BC942}") = "SampleGame", "Playground\SampleGame.vcxproj", "{31ACAA2D-95B1-4992-B944-74AD689F8B13}"
EndProject
Global
	GlobalSection(SolutionConfigurationPlatforms) = preSolution
		Debug|x64 = Debug|x64
		Debug|x86 = Debug|x86
		Develop|x64 = Develop|x64
		Develop|x86 = Develop|x86
		Release|x64 = Release|x64
		Release|x86 = Release|x86
	EndGlobalSection
	GlobalSection(ProjectConfigurationPlatforms) = postSolution
		{99EE27A3-13E9-4BB0-AFF7-F568C219B22F}.Debug|x64.ActiveCfg = Debug|x64
		{99EE27A3-13E9-4BB0-AFF7-F568C219B22F}.Debug|x64.Build.0 = Debug|x64
		{99EE27A3-13E9-4BB0-AFF7-F568C219B22F}.Debug|x86.ActiveCfg = Debug|x64
		{99EE27A3-13E9-4BB0-AFF7-F568C219B22F}.Develop|x64.ActiveCfg = Develop|x64
		{99EE27A3-13E9-4BB0-AFF7-F568C219B22F}.Develop|x64.Build.0 = Develop|x64
		{99EE27A3-13E9-4BB0-AFF7-F568C219B22F}.Develop|x86.ActiveCfg = Develop|x64
		{99EE27A3-13E9-4BB0-AFF7-F568C219B22F}.Develop|x86.Build.0 = Develop|x64
		{99EE27A3-13E9-4BB0-AFF7-F568C219B22F}.Release|x64.ActiveCfg = Release|x64
		{99EE27A3-13E9-4BB0-AFF7-F568C219B22F}.Release|x64.Build.0 = Release|x64
		{99EE27A3-13E9-4BB0-AFF7-F568C219B22F}.Release|x86.ActiveCfg = Release|x64
		{31ACAA2D-95B1-4992-B944-74AD689F8B13}.Debug|x64.ActiveCfg = Debug|x64
		{31ACAA2D-95B1-4992-B944-74AD689F8B13}.Debug|x64.Build.0 = Debug|x64
		{31ACAA2D-95B1-4992-B944-74AD689F8B13}.Debug|x86.ActiveCfg = Debug|x64
		{31ACAA2D-95B1-4992-B944-74AD689F8B13}.Develop|x64.ActiveCfg = Develop|x64
		{31ACAA2D-95B1-4992-B944-74AD689F8B13}.Develop|x64.Build.0 = Develop|x64
		{31ACAA2D-95B1-4992-B944-74AD689F8B13}.Develop|x86.ActiveCfg = Develop|x64
		{31ACAA2D-95B1-4992-B944-74AD689F8B13}.Develop|x86.Build.0 = Develop|x64
		{31ACAA2D-95B1-4992-B944-74AD689F8B13}.Release|x64.ActiveCfg = Release|x64
		{31ACAA2D-95B1-4992-B944-74AD689F8B13}.Release|x64.Build.0 = Release|x64
		{31ACAA2D-95B1-4992-B944-74AD689F8B13}.Release|x86.ActiveCfg = Release|x64
	EndGlobalSection
	GlobalSection(SolutionProperties) = preSolution
		HideSolutionNode = FALSE
	EndGlobalSection
	GlobalSection(NestedProjects) = preSolution
		{99EE27A3-13E9-4BB0-AFF7-F568C219B22F} = {E01E3D3E-1D2A-429B-8FE2-5DD33E5C7E20}
		{31ACAA2D-95B1-4992-B944-74AD689F8B13} = {5CE652E2-A016-4AA2-B365-16789A042937}
	EndGlobalSection
	GlobalSection(ExtensibilityGlobals) = postSolution
		SolutionGuid = {667733EA-3665-41FD-B89F-8A88FF01ACB8}
	EndGlobalSection
EndGlobal
